// !$*UTF8*$!
{
	archiveVersion = 1;
	classes = {
	};
	objectVersion = 77;
	objects = {

/* Begin PBXBuildFile section */
		55ACAEF72EB8ECA6005BA9D7 /* RealityKitContent in Frameworks */ = {isa = PBXBuildFile; productRef = 55ACAEF62EB8ECA6005BA9D7 /* RealityKitContent */; };
/* End PBXBuildFile section */

/* Begin PBXContainerItemProxy section */
		55ACAF062EB8ECA7005BA9D7 /* PBXContainerItemProxy */ = {
			isa = PBXContainerItemProxy;
			containerPortal = 55ACAEE92EB8ECA6005BA9D7 /* Project object */;
			proxyType = 1;
			remoteGlobalIDString = 55ACAEF02EB8ECA6005BA9D7;
			remoteInfo = SSP_UI_Final;
		};
/* End PBXContainerItemProxy section */

/* Begin PBXFileReference section */
		55ACAEF12EB8ECA6005BA9D7 /* SSP_UI_Final.app */ = {isa = PBXFileReference; explicitFileType = wrapper.application; includeInIndex = 0; path = SSP_UI_Final.app; sourceTree = BUILT_PRODUCTS_DIR; };
		55ACAEF52EB8ECA6005BA9D7 /* RealityKitContent */ = {isa = PBXFileReference; lastKnownFileType = wrapper; path = RealityKitContent; sourceTree = "<group>"; };
		55ACAF052EB8ECA7005BA9D7 /* SSP_UI_FinalTests.xctest */ = {isa = PBXFileReference; explicitFileType = wrapper.cfbundle; includeInIndex = 0; path = SSP_UI_FinalTests.xctest; sourceTree = BUILT_PRODUCTS_DIR; };
/* End PBXFileReference section */

/* Begin PBXFileSystemSynchronizedBuildFileExceptionSet section */
		55ACAF0B2EB8ECA7005BA9D7 /* Exceptions for "SSP_UI_Final" folder in "SSP_UI_Final" target */ = {
			isa = PBXFileSystemSynchronizedBuildFileExceptionSet;
			membershipExceptions = (
				Info.plist,
			);
			target = 55ACAEF02EB8ECA6005BA9D7 /* SSP_UI_Final */;
		};
/* End PBXFileSystemSynchronizedBuildFileExceptionSet section */

/* Begin PBXFileSystemSynchronizedRootGroup section */
		55ACAEF32EB8ECA6005BA9D7 /* SSP_UI_Final */ = {
			isa = PBXFileSystemSynchronizedRootGroup;
			exceptions = (
				55ACAF0B2EB8ECA7005BA9D7 /* Exceptions for "SSP_UI_Final" folder in "SSP_UI_Final" target */,
			);
			path = SSP_UI_Final;
			sourceTree = "<group>";
		};
		55ACAF082EB8ECA7005BA9D7 /* SSP_UI_FinalTests */ = {
			isa = PBXFileSystemSynchronizedRootGroup;
			path = SSP_UI_FinalTests;
			sourceTree = "<group>";
		};
/* End PBXFileSystemSynchronizedRootGroup section */

/* Begin PBXFrameworksBuildPhase section */
		55ACAEEE2EB8ECA6005BA9D7 /* Frameworks */ = {
			isa = PBXFrameworksBuildPhase;
			buildActionMask = 2147483647;
			files = (
				55ACAEF72EB8ECA6005BA9D7 /* RealityKitContent in Frameworks */,
			);
			runOnlyForDeploymentPostprocessing = 0;
		};
		55ACAF022EB8ECA7005BA9D7 /* Frameworks */ = {
			isa = PBXFrameworksBuildPhase;
			buildActionMask = 2147483647;
			files = (
			);
			runOnlyForDeploymentPostprocessing = 0;
		};
/* End PBXFrameworksBuildPhase section */

/* Begin PBXGroup section */
		55ACAEE82EB8ECA6005BA9D7 = {
			isa = PBXGroup;
			children = (
				55ACAEF32EB8ECA6005BA9D7 /* SSP_UI_Final */,
				55ACAEF42EB8ECA6005BA9D7 /* Packages */,
				55ACAF082EB8ECA7005BA9D7 /* SSP_UI_FinalTests */,
				55ACAEF22EB8ECA6005BA9D7 /* Products */,
			);
			sourceTree = "<group>";
		};
		55ACAEF22EB8ECA6005BA9D7 /* Products */ = {
			isa = PBXGroup;
			children = (
				55ACAEF12EB8ECA6005BA9D7 /* SSP_UI_Final.app */,
				55ACAF052EB8ECA7005BA9D7 /* SSP_UI_FinalTests.xctest */,
			);
			name = Products;
			sourceTree = "<group>";
		};
		55ACAEF42EB8ECA6005BA9D7 /* Packages */ = {
			isa = PBXGroup;
			children = (
				55ACAEF52EB8ECA6005BA9D7 /* RealityKitContent */,
			);
			path = Packages;
			sourceTree = "<group>";
		};
/* End PBXGroup section */

/* Begin PBXNativeTarget section */
		55ACAEF02EB8ECA6005BA9D7 /* SSP_UI_Final */ = {
			isa = PBXNativeTarget;
			buildConfigurationList = 55ACAF0C2EB8ECA7005BA9D7 /* Build configuration list for PBXNativeTarget "SSP_UI_Final" */;
			buildPhases = (
				55ACAEED2EB8ECA6005BA9D7 /* Sources */,
				55ACAEEE2EB8ECA6005BA9D7 /* Frameworks */,
				55ACAEEF2EB8ECA6005BA9D7 /* Resources */,
			);
			buildRules = (
			);
			dependencies = (
			);
			fileSystemSynchronizedGroups = (
				55ACAEF32EB8ECA6005BA9D7 /* SSP_UI_Final */,
			);
			name = SSP_UI_Final;
			packageProductDependencies = (
				55ACAEF62EB8ECA6005BA9D7 /* RealityKitContent */,
			);
			productName = SSP_UI_Final;
			productReference = 55ACAEF12EB8ECA6005BA9D7 /* SSP_UI_Final.app */;
			productType = "com.apple.product-type.application";
		};
		55ACAF042EB8ECA7005BA9D7 /* SSP_UI_FinalTests */ = {
			isa = PBXNativeTarget;
			buildConfigurationList = 55ACAF112EB8ECA7005BA9D7 /* Build configuration list for PBXNativeTarget "SSP_UI_FinalTests" */;
			buildPhases = (
				55ACAF012EB8ECA7005BA9D7 /* Sources */,
				55ACAF022EB8ECA7005BA9D7 /* Frameworks */,
				55ACAF032EB8ECA7005BA9D7 /* Resources */,
			);
			buildRules = (
			);
			dependencies = (
				55ACAF072EB8ECA7005BA9D7 /* PBXTargetDependency */,
			);
			fileSystemSynchronizedGroups = (
				55ACAF082EB8ECA7005BA9D7 /* SSP_UI_FinalTests */,
			);
			name = SSP_UI_FinalTests;
			packageProductDependencies = (
			);
			productName = SSP_UI_FinalTests;
			productReference = 55ACAF052EB8ECA7005BA9D7 /* SSP_UI_FinalTests.xctest */;
			productType = "com.apple.product-type.bundle.unit-test";
		};
/* End PBXNativeTarget section */

/* Begin PBXProject section */
		55ACAEE92EB8ECA6005BA9D7 /* Project object */ = {
			isa = PBXProject;
			attributes = {
				BuildIndependentTargetsInParallel = 1;
				LastSwiftUpdateCheck = 2600;
				LastUpgradeCheck = 2600;
				TargetAttributes = {
					55ACAEF02EB8ECA6005BA9D7 = {
						CreatedOnToolsVersion = 26.0.1;
					};
					55ACAF042EB8ECA7005BA9D7 = {
						CreatedOnToolsVersion = 26.0.1;
						TestTargetID = 55ACAEF02EB8ECA6005BA9D7;
					};
				};
			};
			buildConfigurationList = 55ACAEEC2EB8ECA6005BA9D7 /* Build configuration list for PBXProject "SSP_UI_Final" */;
			developmentRegion = en;
			hasScannedForEncodings = 0;
			knownRegions = (
				en,
				Base,
			);
			mainGroup = 55ACAEE82EB8ECA6005BA9D7;
			minimizedProjectReferenceProxies = 1;
			preferredProjectObjectVersion = 77;
			productRefGroup = 55ACAEF22EB8ECA6005BA9D7 /* Products */;
			projectDirPath = "";
			projectRoot = "";
			targets = (
				55ACAEF02EB8ECA6005BA9D7 /* SSP_UI_Final */,
				55ACAF042EB8ECA7005BA9D7 /* SSP_UI_FinalTests */,
			);
		};
/* End PBXProject section */

/* Begin PBXResourcesBuildPhase section */
		55ACAEEF2EB8ECA6005BA9D7 /* Resources */ = {
			isa = PBXResourcesBuildPhase;
			buildActionMask = 2147483647;
			files = (
			);
			runOnlyForDeploymentPostprocessing = 0;
		};
		55ACAF032EB8ECA7005BA9D7 /* Resources */ = {
			isa = PBXResourcesBuildPhase;
			buildActionMask = 2147483647;
			files = (
			);
			runOnlyForDeploymentPostprocessing = 0;
		};
/* End PBXResourcesBuildPhase section */

/* Begin PBXSourcesBuildPhase section */
		55ACAEED2EB8ECA6005BA9D7 /* Sources */ = {
			isa = PBXSourcesBuildPhase;
			buildActionMask = 2147483647;
			files = (
			);
			runOnlyForDeploymentPostprocessing = 0;
		};
		55ACAF012EB8ECA7005BA9D7 /* Sources */ = {
			isa = PBXSourcesBuildPhase;
			buildActionMask = 2147483647;
			files = (
			);
			runOnlyForDeploymentPostprocessing = 0;
		};
/* End PBXSourcesBuildPhase section */

/* Begin PBXTargetDependency section */
		55ACAF072EB8ECA7005BA9D7 /* PBXTargetDependency */ = {
			isa = PBXTargetDependency;
			target = 55ACAEF02EB8ECA6005BA9D7 /* SSP_UI_Final */;
			targetProxy = 55ACAF062EB8ECA7005BA9D7 /* PBXContainerItemProxy */;
		};
/* End PBXTargetDependency section */

/* Begin XCBuildConfiguration section */
		55ACAF0D2EB8ECA7005BA9D7 /* Debug */ = {
			isa = XCBuildConfiguration;
			buildSettings = {
				ASSETCATALOG_COMPILER_APPICON_NAME = AppIcon;
				ASSETCATALOG_COMPILER_GLOBAL_ACCENT_COLOR_NAME = AccentColor;
				CODE_SIGN_STYLE = Automatic;
				CURRENT_PROJECT_VERSION = 1;
				ENABLE_PREVIEWS = YES;
				GENERATE_INFOPLIST_FILE = YES;
				INFOPLIST_FILE = "$(TARGET_NAME)/Info.plist";
				LD_RUNPATH_SEARCH_PATHS = (
					"$(inherited)",
					"@executable_path/Frameworks",
				);
				MARKETING_VERSION = 1.0;
				PRODUCT_BUNDLE_IDENTIFIER = "Hao.SSP-UI-Final";
				PRODUCT_NAME = "$(TARGET_NAME)";
				STRING_CATALOG_GENERATE_SYMBOLS = YES;
				SUPPORTED_PLATFORMS = "xros xrsimulator";
				SWIFT_APPROACHABLE_CONCURRENCY = YES;
				SWIFT_DEFAULT_ACTOR_ISOLATION = MainActor;
				SWIFT_EMIT_LOC_STRINGS = YES;
				SWIFT_UPCOMING_FEATURE_MEMBER_IMPORT_VISIBILITY = YES;
				SWIFT_VERSION = 5.0;
				TARGETED_DEVICE_FAMILY = 7;
			};
			name = Debug;
		};
		55ACAF0E2EB8ECA7005BA9D7 /* Release */ = {
			isa = XCBuildConfiguration;
			buildSettings = {
				ASSETCATALOG_COMPILER_APPICON_NAME = AppIcon;
				ASSETCATALOG_COMPILER_GLOBAL_ACCENT_COLOR_NAME = AccentColor;
				CODE_SIGN_STYLE = Automatic;
				CURRENT_PROJECT_VERSION = 1;
				ENABLE_PREVIEWS = YES;
				GENERATE_INFOPLIST_FILE = YES;
				INFOPLIST_FILE = "$(TARGET_NAME)/Info.plist";
				LD_RUNPATH_SEARCH_PATHS = (
					"$(inherited)",
					"@executable_path/Frameworks",
				);
				MARKETING_VERSION = 1.0;
				PRODUCT_BUNDLE_IDENTIFIER = "Hao.SSP-UI-Final";
				PRODUCT_NAME = "$(TARGET_NAME)";
				STRING_CATALOG_GENERATE_SYMBOLS = YES;
				SUPPORTED_PLATFORMS = "xros xrsimulator";
				SWIFT_APPROACHABLE_CONCURRENCY = YES;
				SWIFT_DEFAULT_ACTOR_ISOLATION = MainActor;
				SWIFT_EMIT_LOC_STRINGS = YES;
				SWIFT_UPCOMING_FEATURE_MEMBER_IMPORT_VISIBILITY = YES;
				SWIFT_VERSION = 5.0;
				TARGETED_DEVICE_FAMILY = 7;
			};
			name = Release;
		};
		55ACAF0F2EB8ECA7005BA9D7 /* Debug */ = {
			isa = XCBuildConfiguration;
			buildSettings = {
				ALWAYS_SEARCH_USER_PATHS = NO;
				ASSETCATALOG_COMPILER_GENERATE_SWIFT_ASSET_SYMBOL_EXTENSIONS = YES;
				CLANG_ANALYZER_NONNULL = YES;
				CLANG_ANALYZER_NUMBER_OBJECT_CONVERSION = YES_AGGRESSIVE;
				CLANG_CXX_LANGUAGE_STANDARD = "gnu++20";
				CLANG_ENABLE_MODULES = YES;
				CLANG_ENABLE_OBJC_ARC = YES;
				CLANG_ENABLE_OBJC_WEAK = YES;
				CLANG_WARN_BLOCK_CAPTURE_AUTORELEASING = YES;
				CLANG_WARN_BOOL_CONVERSION = YES;
				CLANG_WARN_COMMA = YES;
				CLANG_WARN_CONSTANT_CONVERSION = YES;
				CLANG_WARN_DEPRECATED_OBJC_IMPLEMENTATIONS = YES;
				CLANG_WARN_DIRECT_OBJC_ISA_USAGE = YES_ERROR;
				CLANG_WARN_DOCUMENTATION_COMMENTS = YES;
				CLANG_WARN_EMPTY_BODY = YES;
				CLANG_WARN_ENUM_CONVERSION = YES;
				CLANG_WARN_INFINITE_RECURSION = YES;
				CLANG_WARN_INT_CONVERSION = YES;
				CLANG_WARN_NON_LITERAL_NULL_CONVERSION = YES;
				CLANG_WARN_OBJC_IMPLICIT_RETAIN_SELF = YES;
				CLANG_WARN_OBJC_LITERAL_CONVERSION = YES;
				CLANG_WARN_OBJC_ROOT_CLASS = YES_ERROR;
				CLANG_WARN_QUOTED_INCLUDE_IN_FRAMEWORK_HEADER = YES;
				CLANG_WARN_RANGE_LOOP_ANALYSIS = YES;
				CLANG_WARN_STRICT_PROTOTYPES = YES;
				CLANG_WARN_SUSPICIOUS_MOVE = YES;
				CLANG_WARN_UNGUARDED_AVAILABILITY = YES_AGGRESSIVE;
				CLANG_WARN_UNREACHABLE_CODE = YES;
				CLANG_WARN__DUPLICATE_METHOD_MATCH = YES;
				COPY_PHASE_STRIP = NO;
				DEBUG_INFORMATION_FORMAT = dwarf;
				ENABLE_STRICT_OBJC_MSGSEND = YES;
				ENABLE_TESTABILITY = YES;
				ENABLE_USER_SCRIPT_SANDBOXING = YES;
				GCC_C_LANGUAGE_STANDARD = gnu17;
				GCC_DYNAMIC_NO_PIC = NO;
				GCC_NO_COMMON_BLOCKS = YES;
				GCC_OPTIMIZATION_LEVEL = 0;
				GCC_PREPROCESSOR_DEFINITIONS = (
					"DEBUG=1",
					"$(inherited)",
				);
				GCC_WARN_64_TO_32_BIT_CONVERSION = YES;
				GCC_WARN_ABOUT_RETURN_TYPE = YES_ERROR;
				GCC_WARN_UNDECLARED_SELECTOR = YES;
				GCC_WARN_UNINITIALIZED_AUTOS = YES_AGGRESSIVE;
				GCC_WARN_UNUSED_FUNCTION = YES;
				GCC_WARN_UNUSED_VARIABLE = YES;
				LOCALIZATION_PREFERS_STRING_CATALOGS = YES;
				MTL_ENABLE_DEBUG_INFO = INCLUDE_SOURCE;
				MTL_FAST_MATH = YES;
				ONLY_ACTIVE_ARCH = YES;
				SDKROOT = xros;
				SWIFT_ACTIVE_COMPILATION_CONDITIONS = "DEBUG $(inherited)";
				SWIFT_OPTIMIZATION_LEVEL = "-Onone";
				XROS_DEPLOYMENT_TARGET = 26.0;
			};
			name = Debug;
		};
		55ACAF102EB8ECA7005BA9D7 /* Release */ = {
			isa = XCBuildConfiguration;
			buildSettings = {
				ALWAYS_SEARCH_USER_PATHS = NO;
				ASSETCATALOG_COMPILER_GENERATE_SWIFT_ASSET_SYMBOL_EXTENSIONS = YES;
				CLANG_ANALYZER_NONNULL = YES;
				CLANG_ANALYZER_NUMBER_OBJECT_CONVERSION = YES_AGGRESSIVE;
				CLANG_CXX_LANGUAGE_STANDARD = "gnu++20";
				CLANG_ENABLE_MODULES = YES;
				CLANG_ENABLE_OBJC_ARC = YES;
				CLANG_ENABLE_OBJC_WEAK = YES;
				CLANG_WARN_BLOCK_CAPTURE_AUTORELEASING = YES;
				CLANG_WARN_BOOL_CONVERSION = YES;
				CLANG_WARN_COMMA = YES;
				CLANG_WARN_CONSTANT_CONVERSION = YES;
				CLANG_WARN_DEPRECATED_OBJC_IMPLEMENTATIONS = YES;
				CLANG_WARN_DIRECT_OBJC_ISA_USAGE = YES_ERROR;
				CLANG_WARN_DOCUMENTATION_COMMENTS = YES;
				CLANG_WARN_EMPTY_BODY = YES;
				CLANG_WARN_ENUM_CONVERSION = YES;
				CLANG_WARN_INFINITE_RECURSION = YES;
				CLANG_WARN_INT_CONVERSION = YES;
				CLANG_WARN_NON_LITERAL_NULL_CONVERSION = YES;
				CLANG_WARN_OBJC_IMPLICIT_RETAIN_SELF = YES;
				CLANG_WARN_OBJC_LITERAL_CONVERSION = YES;
				CLANG_WARN_OBJC_ROOT_CLASS = YES_ERROR;
				CLANG_WARN_QUOTED_INCLUDE_IN_FRAMEWORK_HEADER = YES;
				CLANG_WARN_RANGE_LOOP_ANALYSIS = YES;
				CLANG_WARN_STRICT_PROTOTYPES = YES;
				CLANG_WARN_SUSPICIOUS_MOVE = YES;
				CLANG_WARN_UNGUARDED_AVAILABILITY = YES_AGGRESSIVE;
				CLANG_WARN_UNREACHABLE_CODE = YES;
				CLANG_WARN__DUPLICATE_METHOD_MATCH = YES;
				COPY_PHASE_STRIP = NO;
				DEBUG_INFORMATION_FORMAT = "dwarf-with-dsym";
				ENABLE_NS_ASSERTIONS = NO;
				ENABLE_STRICT_OBJC_MSGSEND = YES;
				ENABLE_USER_SCRIPT_SANDBOXING = YES;
				GCC_C_LANGUAGE_STANDARD = gnu17;
				GCC_NO_COMMON_BLOCKS = YES;
				GCC_WARN_64_TO_32_BIT_CONVERSION = YES;
				GCC_WARN_ABOUT_RETURN_TYPE = YES_ERROR;
				GCC_WARN_UNDECLARED_SELECTOR = YES;
				GCC_WARN_UNINITIALIZED_AUTOS = YES_AGGRESSIVE;
				GCC_WARN_UNUSED_FUNCTION = YES;
				GCC_WARN_UNUSED_VARIABLE = YES;
				LOCALIZATION_PREFERS_STRING_CATALOGS = YES;
				MTL_ENABLE_DEBUG_INFO = NO;
				MTL_FAST_MATH = YES;
				SDKROOT = xros;
				SWIFT_COMPILATION_MODE = wholemodule;
				VALIDATE_PRODUCT = YES;
				XROS_DEPLOYMENT_TARGET = 26.0;
			};
			name = Release;
		};
		55ACAF122EB8ECA7005BA9D7 /* Debug */ = {
			isa = XCBuildConfiguration;
			buildSettings = {
				BUNDLE_LOADER = "$(TEST_HOST)";
				CODE_SIGN_STYLE = Automatic;
				CURRENT_PROJECT_VERSION = 1;
				GENERATE_INFOPLIST_FILE = YES;
				MARKETING_VERSION = 1.0;
				PRODUCT_BUNDLE_IDENTIFIER = "Hao.SSP-UI-FinalTests";
				PRODUCT_NAME = "$(TARGET_NAME)";
				STRING_CATALOG_GENERATE_SYMBOLS = NO;
				SUPPORTED_PLATFORMS = "xros xrsimulator";
				SWIFT_APPROACHABLE_CONCURRENCY = YES;
				SWIFT_EMIT_LOC_STRINGS = NO;
				SWIFT_UPCOMING_FEATURE_MEMBER_IMPORT_VISIBILITY = YES;
				SWIFT_VERSION = 5.0;
				TARGETED_DEVICE_FAMILY = 7;
				TEST_HOST = "$(BUILT_PRODUCTS_DIR)/SSP_UI_Final.app/$(BUNDLE_EXECUTABLE_FOLDER_PATH)/SSP_UI_Final";
				XROS_DEPLOYMENT_TARGET = 26.0;
			};
			name = Debug;
		};
		55ACAF132EB8ECA7005BA9D7 /* Release */ = {
			isa = XCBuildConfiguration;
			buildSettings = {
				BUNDLE_LOADER = "$(TEST_HOST)";
				CODE_SIGN_STYLE = Automatic;
				CURRENT_PROJECT_VERSION = 1;
				GENERATE_INFOPLIST_FILE = YES;
				MARKETING_VERSION = 1.0;
				PRODUCT_BUNDLE_IDENTIFIER = "Hao.SSP-UI-FinalTests";
				PRODUCT_NAME = "$(TARGET_NAME)";
				STRING_CATALOG_GENERATE_SYMBOLS = NO;
				SUPPORTED_PLATFORMS = "xros xrsimulator";
				SWIFT_APPROACHABLE_CONCURRENCY = YES;
				SWIFT_EMIT_LOC_STRINGS = NO;
				SWIFT_UPCOMING_FEATURE_MEMBER_IMPORT_VISIBILITY = YES;
				SWIFT_VERSION = 5.0;
				TARGETED_DEVICE_FAMILY = 7;
				TEST_HOST = "$(BUILT_PRODUCTS_DIR)/SSP_UI_Final.app/$(BUNDLE_EXECUTABLE_FOLDER_PATH)/SSP_UI_Final";
				XROS_DEPLOYMENT_TARGET = 26.0;
			};
			name = Release;
		};
/* End XCBuildConfiguration section */

/* Begin XCConfigurationList section */
		55ACAEEC2EB8ECA6005BA9D7 /* Build configuration list for PBXProject "SSP_UI_Final" */ = {
			isa = XCConfigurationList;
			buildConfigurations = (
				55ACAF0F2EB8ECA7005BA9D7 /* Debug */,
				55ACAF102EB8ECA7005BA9D7 /* Release */,
			);
			defaultConfigurationIsVisible = 0;
			defaultConfigurationName = Release;
		};
		55ACAF0C2EB8ECA7005BA9D7 /* Build configuration list for PBXNativeTarget "SSP_UI_Final" */ = {
			isa = XCConfigurationList;
			buildConfigurations = (
				55ACAF0D2EB8ECA7005BA9D7 /* Debug */,
				55ACAF0E2EB8ECA7005BA9D7 /* Release */,
			);
			defaultConfigurationIsVisible = 0;
			defaultConfigurationName = Release;
		};
		55ACAF112EB8ECA7005BA9D7 /* Build configuration list for PBXNativeTarget "SSP_UI_FinalTests" */ = {
			isa = XCConfigurationList;
			buildConfigurations = (
				55ACAF122EB8ECA7005BA9D7 /* Debug */,
				55ACAF132EB8ECA7005BA9D7 /* Release */,
			);
			defaultConfigurationIsVisible = 0;
			defaultConfigurationName = Release;
		};
/* End XCConfigurationList section */

/* Begin XCSwiftPackageProductDependency section */
		55ACAEF62EB8ECA6005BA9D7 /* RealityKitContent */ = {
			isa = XCSwiftPackageProductDependency;
			productName = RealityKitContent;
		};
/* End XCSwiftPackageProductDependency section */
	};
	rootObject = 55ACAEE92EB8ECA6005BA9D7 /* Project object */;
}
